Microsoft Visual Studio Solution File, Format Version 12.00
# Visual Studio Version 18
VisualStudioVersion = 18.3.11505.172 d18.3
MinimumVisualStudioVersion = 10.0.40219.1
Project("{FAE04EC0-301F-11D3-BF4B-00C04F79EFBC}") = "Todo.Core", "src\Todo.Core\Todo.Core.csproj", "{DEC9D8B9-1E68-4B1C-B9B9-707E9FDC024B}"
EndProject
Project("{FAE04EC0-301F-11D3-BF4B-00C04F79EFBC}") = "Todo.SampleApp", "src\Todo.SampleApp\Todo.SampleApp.csproj", "{C68D9DFA-A473-4142-8E53-1B315E5C450F}"
EndProject
Project("{FAE04EC0-301F-11D3-BF4B-00C04F79EFBC}") = "Todo.Core.Tests", "tests\Todo.Core.Tests\Todo.Core.Tests.csproj", "{D069D398-4B7F-433A-BBFF-ECD451BEB3F7}"
EndProject
Global
	GlobalSection(SolutionConfigurationPlatforms) = preSolution
		Debug|Any CPU = Debug|Any CPU
		Release|Any CPU = Release|Any CPU
	EndGlobalSection
	GlobalSection(ProjectConfigurationPlatforms) = postSolution
		{DEC9D8B9-1E68-4B1C-B9B9-707E9FDC024B}.Debug|Any CPU.ActiveCfg = Debug|Any CPU
		{DEC9D8B9-1E68-4B1C-B9B9-707E9FDC024B}.Debug|Any CPU.Build.0 = Debug|Any CPU
		{DEC9D8B9-1E68-4B1C-B9B9-707E9FDC024B}.Release|Any CPU.ActiveCfg = Release|Any CPU
		{DEC9D8B9-1E68-4B1C-B9B9-707E9FDC024B}.Release|Any CPU.Build.0 = Release|Any CPU
		{C68D9DFA-A473-4142-8E53-1B315E5C450F}.Debug|Any CPU.ActiveCfg = Debug|Any CPU
		{C68D9DFA-A473-4142-8E53-1B315E5C450F}.Debug|Any CPU.Build.0 = Debug|Any CPU
		{C68D9DFA-A473-4142-8E53-1B315E5C450F}.Release|Any CPU.ActiveCfg = Release|Any CPU
		{C68D9DFA-A473-4142-8E53-1B315E5C450F}.Release|Any CPU.Build.0 = Release|Any CPU
		{D069D398-4B7F-433A-BBFF-ECD451BEB3F7}.Debug|Any CPU.ActiveCfg = Debug|Any CPU
		{D069D398-4B7F-433A-BBFF-ECD451BEB3F7}.Debug|Any CPU.Build.0 = Debug|Any CPU
		{D069D398-4B7F-433A-BBFF-ECD451BEB3F7}.Release|Any CPU.ActiveCfg = Release|Any CPU
		{D069D398-4B7F-433A-BBFF-ECD451BEB3F7}.Release|Any CPU.Build.0 = Release|Any CPU
	EndGlobalSection
	GlobalSection(SolutionProperties) = preSolution
		HideSolutionNode = FALSE
	EndGlobalSection
EndGlobal
